// !$*UTF8*$!
{
	archiveVersion = 1;
	classes = {
	};
	objectVersion = 46;
	objects = {

/* Begin PBXBuildFile section */
		3AC0713F1DBB3C900058D17B /* AppDelegate.swift in Sources */ = {isa = PBXBuildFile; fileRef = 3AC0713E1DBB3C900058D17B /* AppDelegate.swift */; };
		3AC071411DBB3C900058D17B /* ViewController.swift in Sources */ = {isa = PBXBuildFile; fileRef = 3AC071401DBB3C900058D17B /* ViewController.swift */; };
		3AC071441DBB3C900058D17B /* Main.storyboard in Resources */ = {isa = PBXBuildFile; fileRef = 3AC071421DBB3C900058D17B /* Main.storyboard */; };
		3AC071461DBB3C900058D17B /* Assets.xcassets in Resources */ = {isa = PBXBuildFile; fileRef = 3AC071451DBB3C900058D17B /* Assets.xcassets */; };
		3AC071491DBB3C900058D17B /* LaunchScreen.storyboard in Resources */ = {isa = PBXBuildFile; fileRef = 3AC071471DBB3C900058D17B /* LaunchScreen.storyboard */; };
		3AC071541DBB3C900058D17B /* BullsEyeTests.swift in Sources */ = {isa = PBXBuildFile; fileRef = 3AC071531DBB3C900058D17B /* BullsEyeTests.swift */; };
		3AC0715F1DBB3C900058D17B /* BullsEyeUITests.swift in Sources */ = {isa = PBXBuildFile; fileRef = 3AC0715E1DBB3C900058D17B /* BullsEyeUITests.swift */; };
/* End PBXBuildFile section */

/* Begin PBXContainerItemProxy section */
		3AC071501DBB3C900058D17B /* PBXContainerItemProxy */ = {
			isa = PBXContainerItemProxy;
			containerPortal = 3AC071331DBB3C8F0058D17B /* Project object */;
			proxyType = 1;
			remoteGlobalIDString = 3AC0713A1DBB3C900058D17B;
			remoteInfo = BullsEye;
		};
		3AC0715B1DBB3C900058D17B /* PBXContainerItemProxy */ = {
			isa = PBXContainerItemProxy;
			containerPortal = 3AC071331DBB3C8F0058D17B /* Project object */;
			proxyType = 1;
			remoteGlobalIDString = 3AC0713A1DBB3C900058D17B;
			remoteInfo = BullsEye;
		};
/* End PBXContainerItemProxy section */

/* Begin PBXFileReference section */
		3AC0713B1DBB3C900058D17B /* BullsEye.app */ = {isa = PBXFileReference; explicitFileType = wrapper.application; includeInIndex = 0; path = BullsEye.app; sourceTree = BUILT_PRODUCTS_DIR; };
		3AC0713E1DBB3C900058D17B /* AppDelegate.swift */ = {isa = PBXFileReference; lastKnownFileType = sourcecode.swift; path = AppDelegate.swift; sourceTree = "<group>"; };
		3AC071401DBB3C900058D17B /* ViewController.swift */ = {isa = PBXFileReference; lastKnownFileType = sourcecode.swift; path = ViewController.swift; sourceTree = "<group>"; };
		3AC071431DBB3C900058D17B /* Base */ = {isa = PBXFileReference; lastKnownFileType = file.storyboard; name = Base; path = Base.lproj/Main.storyboard; sourceTree = "<group>"; };
		3AC071451DBB3C900058D17B /* Assets.xcassets */ = {isa = PBXFileReference; lastKnownFileType = folder.assetcatalog; path = Assets.xcassets; sourceTree = "<group>"; };
		3AC071481DBB3C900058D17B /* Base */ = {isa = PBXFileReference; lastKnownFileType = file.storyboard; name = Base; path = Base.lproj/LaunchScreen.storyboard; sourceTree = "<group>"; };
		3AC0714A1DBB3C900058D17B /* Info.plist */ = {isa = PBXFileReference; lastKnownFileType = text.plist.xml; path = Info.plist; sourceTree = "<group>"; };
		3AC0714F1DBB3C900058D17B /* BullsEyeTests.xctest */ = {isa = PBXFileReference; explicitFileType = wrapper.cfbundle; includeInIndex = 0; path = BullsEyeTests.xctest; sourceTree = BUILT_PRODUCTS_DIR; };
		3AC071531DBB3C900058D17B /* BullsEyeTests.swift */ = {isa = PBXFileReference; lastKnownFileType = sourcecode.swift; path = BullsEyeTests.swift; sourceTree = "<group>"; };
		3AC071551DBB3C900058D17B /* Info.plist */ = {isa = PBXFileReference; lastKnownFileType = text.plist.xml; path = Info.plist; sourceTree = "<group>"; };
		3AC0715A1DBB3C900058D17B /* BullsEyeUITests.xctest */ = {isa = PBXFileReference; explicitFileType = wrapper.cfbundle; includeInIndex = 0; path = BullsEyeUITests.xctest; sourceTree = BUILT_PRODUCTS_DIR; };
		3AC0715E1DBB3C900058D17B /* BullsEyeUITests.swift */ = {isa = PBXFileReference; lastKnownFileType = sourcecode.swift; path = BullsEyeUITests.swift; sourceTree = "<group>"; };
		3AC071601DBB3C900058D17B /* Info.plist */ = {isa = PBXFileReference; lastKnownFileType = text.plist.xml; path = Info.plist; sourceTree = "<group>"; };
/* End PBXFileReference section */

/* Begin PBXFrameworksBuildPhase section */
		3AC071381DBB3C900058D17B /* Frameworks */ = {
			isa = PBXFrameworksBuildPhase;
			buildActionMask = 2147483647;
			files = (
			);
			runOnlyForDeploymentPostprocessing = 0;
		};
		3AC0714C1DBB3C900058D17B /* Frameworks */ = {
			isa = PBXFrameworksBuildPhase;
			buildActionMask = 2147483647;
			files = (
			);
			runOnlyForDeploymentPostprocessing = 0;
		};
		3AC071571DBB3C900058D17B /* Frameworks */ = {
			isa = PBXFrameworksBuildPhase;
			buildActionMask = 2147483647;
			files = (
			);
			runOnlyForDeploymentPostprocessing = 0;
		};
/* End PBXFrameworksBuildPhase section */

/* Begin PBXGroup section */
		3AC071321DBB3C8F0058D17B = {
			isa = PBXGroup;
			children = (
				3AC0713D1DBB3C900058D17B /* BullsEye */,
				3AC071521DBB3C900058D17B /* BullsEyeTests */,
				3AC0715D1DBB3C900058D17B /* BullsEyeUITests */,
				3AC0713C1DBB3C900058D17B /* Products */,
			);
			sourceTree = "<group>";
		};
		3AC0713C1DBB3C900058D17B /* Products */ = {
			isa = PBXGroup;
			children = (
				3AC0713B1DBB3C900058D17B /* BullsEye.app */,
				3AC0714F1DBB3C900058D17B /* BullsEyeTests.xctest */,
				3AC0715A1DBB3C900058D17B /* BullsEyeUITests.xctest */,
			);
			name = Products;
			sourceTree = "<group>";
		};
		3AC0713D1DBB3C900058D17B /* BullsEye */ = {
			isa = PBXGroup;
			children = (
				3AC0713E1DBB3C900058D17B /* AppDelegate.swift */,
				3AC071401DBB3C900058D17B /* ViewController.swift */,
				3AC071421DBB3C900058D17B /* Main.storyboard */,
				3AC071451DBB3C900058D17B /* Assets.xcassets */,
				3AC071471DBB3C900058D17B /* LaunchScreen.storyboard */,
				3AC0714A1DBB3C900058D17B /* Info.plist */,
			);
			path = BullsEye;
			sourceTree = "<group>";
		};
		3AC071521DBB3C900058D17B /* BullsEyeTests */ = {
			isa = PBXGroup;
			children = (
				3AC071531DBB3C900058D17B /* BullsEyeTests.swift */,
				3AC071551DBB3C900058D17B /* Info.plist */,
			);
			path = BullsEyeTests;
			sourceTree = "<group>";
		};
		3AC0715D1DBB3C900058D17B /* BullsEyeUITests */ = {
			isa = PBXGroup;
			children = (
				3AC0715E1DBB3C900058D17B /* BullsEyeUITests.swift */,
				3AC071601DBB3C900058D17B /* Info.plist */,
			);
			path = BullsEyeUITests;
			sourceTree = "<group>";
		};
/* End PBXGroup section */

/* Begin PBXNativeTarget section */
		3AC0713A1DBB3C900058D17B /* BullsEye */ = {
			isa = PBXNativeTarget;
			buildConfigurationList = 3AC071631DBB3C900058D17B /* Build configuration list for PBXNativeTarget "BullsEye" */;
			buildPhases = (
				3AC071371DBB3C900058D17B /* Sources */,
				3AC071381DBB3C900058D17B /* Frameworks */,
				3AC071391DBB3C900058D17B /* Resources */,
			);
			buildRules = (
			);
			dependencies = (
			);
			name = BullsEye;
			productName = BullsEye;
			productReference = 3AC0713B1DBB3C900058D17B /* BullsEye.app */;
			productType = "com.apple.product-type.application";
		};
		3AC0714E1DBB3C900058D17B /* BullsEyeTests */ = {
			isa = PBXNativeTarget;
			buildConfigurationList = 3AC071661DBB3C900058D17B /* Build configuration list for PBXNativeTarget "BullsEyeTests" */;
			buildPhases = (
				3AC0714B1DBB3C900058D17B /* Sources */,
				3AC0714C1DBB3C900058D17B /* Frameworks */,
				3AC0714D1DBB3C900058D17B /* Resources */,
			);
			buildRules = (
			);
			dependencies = (
				3AC071511DBB3C900058D17B /* PBXTargetDependency */,
			);
			name = BullsEyeTests;
			productName = BullsEyeTests;
			productReference = 3AC0714F1DBB3C900058D17B /* BullsEyeTests.xctest */;
			productType = "com.apple.product-type.bundle.unit-test";
		};
		3AC071591DBB3C900058D17B /* BullsEyeUITests */ = {
			isa = PBXNativeTarget;
			buildConfigurationList = 3AC071691DBB3C900058D17B /* Build configuration list for PBXNativeTarget "BullsEyeUITests" */;
			buildPhases = (
				3AC071561DBB3C900058D17B /* Sources */,
				3AC071571DBB3C900058D17B /* Frameworks */,
				3AC071581DBB3C900058D17B /* Resources */,
			);
			buildRules = (
			);
			dependencies = (
				3AC0715C1DBB3C900058D17B /* PBXTargetDependency */,
			);
			name = BullsEyeUITests;
			productName = BullsEyeUITests;
			productReference = 3AC0715A1DBB3C900058D17B /* BullsEyeUITests.xctest */;
			productType = "com.apple.product-type.bundle.ui-testing";
		};
/* End PBXNativeTarget section */

/* Begin PBXProject section */
		3AC071331DBB3C8F0058D17B /* Project object */ = {
			isa = PBXProject;
			attributes = {
				LastSwiftUpdateCheck = 0800;
				LastUpgradeCheck = 0800;
				ORGANIZATIONNAME = "Sanjay Purswani";
				TargetAttributes = {
					3AC0713A1DBB3C900058D17B = {
						CreatedOnToolsVersion = 8.0;
						DevelopmentTeam = 758847YBMV;
						ProvisioningStyle = Automatic;
					};
					3AC0714E1DBB3C900058D17B = {
						CreatedOnToolsVersion = 8.0;
						ProvisioningStyle = Automatic;
						TestTargetID = 3AC0713A1DBB3C900058D17B;
					};
					3AC071591DBB3C900058D17B = {
						CreatedOnToolsVersion = 8.0;
						ProvisioningStyle = Automatic;
						TestTargetID = 3AC0713A1DBB3C900058D17B;
					};
				};
			};
			buildConfigurationList = 3AC071361DBB3C8F0058D17B /* Build configuration list for PBXProject "BullsEye" */;
			compatibilityVersion = "Xcode 3.2";
			developmentRegion = English;
			hasScannedForEncodings = 0;
			knownRegions = (
				en,
				Base,
			);
			mainGroup = 3AC071321DBB3C8F0058D17B;
			productRefGroup = 3AC0713C1DBB3C900058D17B /* Products */;
			projectDirPath = "";
			projectRoot = "";
			targets = (
				3AC0713A1DBB3C900058D17B /* BullsEye */,
				3AC0714E1DBB3C900058D17B /* BullsEyeTests */,
				3AC071591DBB3C900058D17B /* BullsEyeUITests */,
			);
		};
/* End PBXProject section */

/* Begin PBXResourcesBuildPhase section */
		3AC071391DBB3C900058D17B /* Resources */ = {
			isa = PBXResourcesBuildPhase;
			buildActionMask = 2147483647;
			files = (
				3AC071491DBB3C900058D17B /* LaunchScreen.storyboard in Resources */,
				3AC071461DBB3C900058D17B /* Assets.xcassets in Resources */,
				3AC071441DBB3C900058D17B /* Main.storyboard in Resources */,
			);
			runOnlyForDeploymentPostprocessing = 0;
		};
		3AC0714D1DBB3C900058D17B /* Resources */ = {
			isa = PBXResourcesBuildPhase;
			buildActionMask = 2147483647;
			files = (
			);
			runOnlyForDeploymentPostprocessing = 0;
		};
		3AC071581DBB3C900058D17B /* Resources */ = {
			isa = PBXResourcesBuildPhase;
			buildActionMask = 2147483647;
			files = (
			);
			runOnlyForDeploymentPostprocessing = 0;
		};
/* End PBXResourcesBuildPhase section */

/* Begin PBXSourcesBuildPhase section */
		3AC071371DBB3C900058D17B /* Sources */ = {
			isa = PBXSourcesBuildPhase;
			buildActionMask = 2147483647;
			files = (
				3AC071411DBB3C900058D17B /* ViewController.swift in Sources */,
				3AC0713F1DBB3C900058D17B /* AppDelegate.swift in Sources */,
			);
			runOnlyForDeploymentPostprocessing = 0;
		};
		3AC0714B1DBB3C900058D17B /* Sources */ = {
			isa = PBXSourcesBuildPhase;
			buildActionMask = 2147483647;
			files = (
				3AC071541DBB3C900058D17B /* BullsEyeTests.swift in Sources */,
			);
			runOnlyForDeploymentPostprocessing = 0;
		};
		3AC071561DBB3C900058D17B /* Sources */ = {
			isa = PBXSourcesBuildPhase;
			buildActionMask = 2147483647;
			files = (
				3AC0715F1DBB3C900058D17B /* BullsEyeUITests.swift in Sources */,
			);
			runOnlyForDeploymentPostprocessing = 0;
		};
/* End PBXSourcesBuildPhase section */

/* Begin PBXTargetDependency section */
		3AC071511DBB3C900058D17B /* PBXTargetDependency */ = {
			isa = PBXTargetDependency;
			target = 3AC0713A1DBB3C900058D17B /* BullsEye */;
			targetProxy = 3AC071501DBB3C900058D17B /* PBXContainerItemProxy */;
		};
		3AC0715C1DBB3C900058D17B /* PBXTargetDependency */ = {
			isa = PBXTargetDependency;
			target = 3AC0713A1DBB3C900058D17B /* BullsEye */;
			targetProxy = 3AC0715B1DBB3C900058D17B /* PBXContainerItemProxy */;
		};
/* End PBXTargetDependency section */

/* Begin PBXVariantGroup section */
		3AC071421DBB3C900058D17B /* Main.storyboard */ = {
			isa = PBXVariantGroup;
			children = (
				3AC071431DBB3C900058D17B /* Base */,
			);
			name = Main.storyboard;
			sourceTree = "<group>";
		};
		3AC071471DBB3C900058D17B /* LaunchScreen.storyboard */ = {
			isa = PBXVariantGroup;
			children = (
				3AC071481DBB3C900058D17B /* Base */,
			);
			name = LaunchScreen.storyboard;
			sourceTree = "<group>";
		};
/* End PBXVariantGroup section */

/* Begin XCBuildConfiguration section */
		3AC071611DBB3C900058D17B /* Debug */ = {
			isa = XCBuildConfiguration;
			buildSettings = {
				ALWAYS_SEARCH_USER_PATHS = NO;
				CLANG_ANALYZER_NONNULL = YES;
				CLANG_CXX_LANGUAGE_STANDARD = "gnu++0x";
				CLANG_CXX_LIBRARY = "libc++";
				CLANG_ENABLE_MODULES = YES;
				CLANG_ENABLE_OBJC_ARC = YES;
				CLANG_WARN_BOOL_CONVERSION = YES;
				CLANG_WARN_CONSTANT_CONVERSION = YES;
				CLANG_WARN_DIRECT_OBJC_ISA_USAGE = YES_ERROR;
				CLANG_WARN_DOCUMENTATION_COMMENTS = YES;
				CLANG_WARN_EMPTY_BODY = YES;
				CLANG_WARN_ENUM_CONVERSION = YES;
				CLANG_WARN_INFINITE_RECURSION = YES;
				CLANG_WARN_INT_CONVERSION = YES;
				CLANG_WARN_OBJC_ROOT_CLASS = YES_ERROR;
				CLANG_WARN_SUSPICIOUS_MOVES = YES;
				CLANG_WARN_UNREACHABLE_CODE = YES;
				CLANG_WARN__DUPLICATE_METHOD_MATCH = YES;
				"CODE_SIGN_IDENTITY[sdk=iphoneos*]" = "iPhone Developer";
				COPY_PHASE_STRIP = NO;
				DEBUG_INFORMATION_FORMAT = dwarf;
				ENABLE_STRICT_OBJC_MSGSEND = YES;
				ENABLE_TESTABILITY = YES;
				GCC_C_LANGUAGE_STANDARD = gnu99;
				GCC_DYNAMIC_NO_PIC = NO;
				GCC_NO_COMMON_BLOCKS = YES;
				GCC_OPTIMIZATION_LEVEL = 0;
				GCC_PREPROCESSOR_DEFINITIONS = (
					"DEBUG=1",
					"$(inherited)",
				);
				GCC_WARN_64_TO_32_BIT_CONVERSION = YES;
				GCC_WARN_ABOUT_RETURN_TYPE = YES_ERROR;
				GCC_WARN_UNDECLARED_SELECTOR = YES;
				GCC_WARN_UNINITIALIZED_AUTOS = YES_AGGRESSIVE;
				GCC_WARN_UNUSED_FUNCTION = YES;
				GCC_WARN_UNUSED_VARIABLE = YES;
				IPHONEOS_DEPLOYMENT_TARGET = 10.0;
				MTL_ENABLE_DEBUG_INFO = YES;
				ONLY_ACTIVE_ARCH = YES;
				SDKROOT = iphoneos;
				SWIFT_ACTIVE_COMPILATION_CONDITIONS = DEBUG;
				SWIFT_OPTIMIZATION_LEVEL = "-Onone";
				TARGETED_DEVICE_FAMILY = "1,2";
			};
			name = Debug;
		};
		3AC071621DBB3C900058D17B /* Release */ = {
			isa = XCBuildConfiguration;
			buildSettings = {
				ALWAYS_SEARCH_USER_PATHS = NO;
				CLANG_ANALYZER_NONNULL = YES;
				CLANG_CXX_LANGUAGE_STANDARD = "gnu++0x";
				CLANG_CXX_LIBRARY = "libc++";
				CLANG_ENABLE_MODULES = YES;
				CLANG_ENABLE_OBJC_ARC = YES;
				CLANG_WARN_BOOL_CONVERSION = YES;
				CLANG_WARN_CONSTANT_CONVERSION = YES;
				CLANG_WARN_DIRECT_OBJC_ISA_USAGE = YES_ERROR;
				CLANG_WARN_DOCUMENTATION_COMMENTS = YES;
				CLANG_WARN_EMPTY_BODY = YES;
				CLANG_WARN_ENUM_CONVERSION = YES;
				CLANG_WARN_INFINITE_RECURSION = YES;
				CLANG_WARN_INT_CONVERSION = YES;
				CLANG_WARN_OBJC_ROOT_CLASS = YES_ERROR;
				CLANG_WARN_SUSPICIOUS_MOVES = YES;
				CLANG_WARN_UNREACHABLE_CODE = YES;
				CLANG_WARN__DUPLICATE_METHOD_MATCH = YES;
				"CODE_SIGN_IDENTITY[sdk=iphoneos*]" = "iPhone Developer";
				COPY_PHASE_STRIP = NO;
				DEBUG_INFORMATION_FORMAT = "dwarf-with-dsym";
				ENABLE_NS_ASSERTIONS = NO;
				ENABLE_STRICT_OBJC_MSGSEND = YES;
				GCC_C_LANGUAGE_STANDARD = gnu99;
				GCC_NO_COMMON_BLOCKS = YES;
				GCC_WARN_64_TO_32_BIT_CONVERSION = YES;
				GCC_WARN_ABOUT_RETURN_TYPE = YES_ERROR;
				GCC_WARN_UNDECLARED_SELECTOR = YES;
				GCC_WARN_UNINITIALIZED_AUTOS = YES_AGGRESSIVE;
				GCC_WARN_UNUSED_FUNCTION = YES;
				GCC_WARN_UNUSED_VARIABLE = YES;
				IPHONEOS_DEPLOYMENT_TARGET = 10.0;
				MTL_ENABLE_DEBUG_INFO = NO;
				SDKROOT = iphoneos;
				SWIFT_OPTIMIZATION_LEVEL = "-Owholemodule";
				TARGETED_DEVICE_FAMILY = "1,2";
				VALIDATE_PRODUCT = YES;
			};
			name = Release;
		};
		3AC071641DBB3C900058D17B /* Debug */ = {
			isa = XCBuildConfiguration;
			buildSettings = {
				ASSETCATALOG_COMPILER_APPICON_NAME = AppIcon;
				"CODE_SIGN_IDENTITY[sdk=iphoneos*]" = "iPhone Developer";
				DEVELOPMENT_TEAM = 758847YBMV;
				INFOPLIST_FILE = BullsEye/Info.plist;
				LD_RUNPATH_SEARCH_PATHS = "$(inherited) @executable_path/Frameworks";
				PRODUCT_BUNDLE_IDENTIFIER = com.sanj.BullsEye;
				PRODUCT_NAME = "$(TARGET_NAME)";
				SWIFT_VERSION = 3.0;
			};
			name = Debug;
		};
		3AC071651DBB3C900058D17B /* Release */ = {
			isa = XCBuildConfiguration;
			buildSettings = {
				ASSETCATALOG_COMPILER_APPICON_NAME = AppIcon;
				"CODE_SIGN_IDENTITY[sdk=iphoneos*]" = "iPhone Developer";
				DEVELOPMENT_TEAM = 758847YBMV;
				INFOPLIST_FILE = BullsEye/Info.plist;
				LD_RUNPATH_SEARCH_PATHS = "$(inherited) @executable_path/Frameworks";
				PRODUCT_BUNDLE_IDENTIFIER = com.sanj.BullsEye;
				PRODUCT_NAME = "$(TARGET_NAME)";
				SWIFT_VERSION = 3.0;
			};
			name = Release;
		};
		3AC071671DBB3C900058D17B /* Debug */ = {
			isa = XCBuildConfiguration;
			buildSettings = {
				ALWAYS_EMBED_SWIFT_STANDARD_LIBRARIES = YES;
				BUNDLE_LOADER = "$(TEST_HOST)";
				INFOPLIST_FILE = BullsEyeTests/Info.plist;
				LD_RUNPATH_SEARCH_PATHS = "$(inherited) @executable_path/Frameworks @loader_path/Frameworks";
				PRODUCT_BUNDLE_IDENTIFIER = com.sanj.BullsEyeTests;
				PRODUCT_NAME = "$(TARGET_NAME)";
				SWIFT_VERSION = 3.0;
				TEST_HOST = "$(BUILT_PRODUCTS_DIR)/BullsEye.app/BullsEye";
			};
			name = Debug;
		};
		3AC071681DBB3C900058D17B /* Release */ = {
			isa = XCBuildConfiguration;
			buildSettings = {
				ALWAYS_EMBED_SWIFT_STANDARD_LIBRARIES = YES;
				BUNDLE_LOADER = "$(TEST_HOST)";
				INFOPLIST_FILE = BullsEyeTests/Info.plist;
				LD_RUNPATH_SEARCH_PATHS = "$(inherited) @executable_path/Frameworks @loader_path/Frameworks";
				PRODUCT_BUNDLE_IDENTIFIER = com.sanj.BullsEyeTests;
				PRODUCT_NAME = "$(TARGET_NAME)";
				SWIFT_VERSION = 3.0;
				TEST_HOST = "$(BUILT_PRODUCTS_DIR)/BullsEye.app/BullsEye";
			};
			name = Release;
		};
		3AC0716A1DBB3C900058D17B /* Debug */ = {
			isa = XCBuildConfiguration;
			buildSettings = {
				ALWAYS_EMBED_SWIFT_STANDARD_LIBRARIES = YES;
				INFOPLIST_FILE = BullsEyeUITests/Info.plist;
				LD_RUNPATH_SEARCH_PATHS = "$(inherited) @executable_path/Frameworks @loader_path/Frameworks";
				PRODUCT_BUNDLE_IDENTIFIER = com.sanj.BullsEyeUITests;
				PRODUCT_NAME = "$(TARGET_NAME)";
				SWIFT_VERSION = 3.0;
				TEST_TARGET_NAME = BullsEye;
			};
			name = Debug;
		};
		3AC0716B1DBB3C900058D17B /* Release */ = {
			isa = XCBuildConfiguration;
			buildSettings = {
				ALWAYS_EMBED_SWIFT_STANDARD_LIBRARIES = YES;
				INFOPLIST_FILE = BullsEyeUITests/Info.plist;
				LD_RUNPATH_SEARCH_PATHS = "$(inherited) @executable_path/Frameworks @loader_path/Frameworks";
				PRODUCT_BUNDLE_IDENTIFIER = com.sanj.BullsEyeUITests;
				PRODUCT_NAME = "$(TARGET_NAME)";
				SWIFT_VERSION = 3.0;
				TEST_TARGET_NAME = BullsEye;
			};
			name = Release;
		};
/* End XCBuildConfiguration section */

/* Begin XCConfigurationList section */
		3AC071361DBB3C8F0058D17B /* Build configuration list for PBXProject "BullsEye" */ = {
			isa = XCConfigurationList;
			buildConfigurations = (
				3AC071611DBB3C900058D17B /* Debug */,
				3AC071621DBB3C900058D17B /* Release */,
			);
			defaultConfigurationIsVisible = 0;
			defaultConfigurationName = Release;
		};
		3AC071631DBB3C900058D17B /* Build configuration list for PBXNativeTarget "BullsEye" */ = {
			isa = XCConfigurationList;
			buildConfigurations = (
				3AC071641DBB3C900058D17B /* Debug */,
				3AC071651DBB3C900058D17B /* Release */,
			);
			defaultConfigurationIsVisible = 0;
		};
		3AC071661DBB3C900058D17B /* Build configuration list for PBXNativeTarget "BullsEyeTests" */ = {
			isa = XCConfigurationList;
			buildConfigurations = (
				3AC071671DBB3C900058D17B /* Debug */,
				3AC071681DBB3C900058D17B /* Release */,
			);
			defaultConfigurationIsVisible = 0;
		};
		3AC071691DBB3C900058D17B /* Build configuration list for PBXNativeTarget "BullsEyeUITests" */ = {
			isa = XCConfigurationList;
			buildConfigurations = (
				3AC0716A1DBB3C900058D17B /* Debug */,
				3AC0716B1DBB3C900058D17B /* Release */,
			);
			defaultConfigurationIsVisible = 0;
		};
/* End XCConfigurationList section */
	};
	rootObject = 3AC071331DBB3C8F0058D17B /* Project object */;
}
